
Microsoft Visual Studio Solution File, Format Version 12.00
# Visual Studio Version 17
VisualStudioVersion = 17.14.36414.22
MinimumVisualStudioVersion = 10.0.40219.1
Project("{9A19103F-16F7-4668-BE54-9A1E7A4F7556}") = "IFCO.WEB", "IFCO.WEB\IFCO.WEB.csproj", "{09054E16-B53C-4A72-8C34-8C31318F036C}"
EndProject
Global
	GlobalSection(SolutionConfigurationPlatforms) = preSolution
		Debug|Any CPU = Debug|Any CPU
		Release|Any CPU = Release|Any CPU
	EndGlobalSection
	GlobalSection(ProjectConfigurationPlatforms) = postSolution
		{09054E16-B53C-4A72-8C34-8C31318F036C}.Debug|Any CPU.ActiveCfg = Debug|Any CPU
		{09054E16-B53C-4A72-8C34-8C31318F036C}.Debug|Any CPU.Build.0 = Debug|Any CPU
		{09054E16-B53C-4A72-8C34-8C31318F036C}.Release|Any CPU.ActiveCfg = Release|Any CPU
		{09054E16-B53C-4A72-8C34-8C31318F036C}.Release|Any CPU.Build.0 = Release|Any CPU
	EndGlobalSection
	GlobalSection(SolutionProperties) = preSolution
		HideSolutionNode = FALSE
	EndGlobalSection
	GlobalSection(ExtensibilityGlobals) = postSolution
		SolutionGuid = {111C792D-1700-4E6B-9CC1-4E054DC43A0C}
	EndGlobalSection
EndGlobal
